
Microsoft Visual Studio Solution File, Format Version 12.00
Project("{FAE04EC0-301F-11D3-BF4B-00C04F79EFBC}") = "Hocon", "Hocon\Hocon.csproj", "{BE6F473F-E788-40FE-ABA8-23207729EE2F}"
EndProject
Project("{FAE04EC0-301F-11D3-BF4B-00C04F79EFBC}") = "Hocon.Tests", "Hocon.Tests\Hocon.Tests.csproj", "{B0BD3CC9-9FB1-4E8A-8CEA-4462D3148806}"
EndProject
Global
	GlobalSection(SolutionConfigurationPlatforms) = preSolution
		Debug|Any CPU = Debug|Any CPU
		Release|Any CPU = Release|Any CPU
	EndGlobalSection
	GlobalSection(ProjectConfigurationPlatforms) = postSolution
		{BE6F473F-E788-40FE-ABA8-23207729EE2F}.Debug|Any CPU.ActiveCfg = Debug|Any CPU
		{BE6F473F-E788-40FE-ABA8-23207729EE2F}.Debug|Any CPU.Build.0 = Debug|Any CPU
		{BE6F473F-E788-40FE-ABA8-23207729EE2F}.Release|Any CPU.ActiveCfg = Release|Any CPU
		{BE6F473F-E788-40FE-ABA8-23207729EE2F}.Release|Any CPU.Build.0 = Release|Any CPU
		{B0BD3CC9-9FB1-4E8A-8CEA-4462D3148806}.Debug|Any CPU.ActiveCfg = Debug|Any CPU
		{B0BD3CC9-9FB1-4E8A-8CEA-4462D3148806}.Debug|Any CPU.Build.0 = Debug|Any CPU
		{B0BD3CC9-9FB1-4E8A-8CEA-4462D3148806}.Release|Any CPU.ActiveCfg = Release|Any CPU
		{B0BD3CC9-9FB1-4E8A-8CEA-4462D3148806}.Release|Any CPU.Build.0 = Release|Any CPU
	EndGlobalSection
EndGlobal
